{
  "nodes": {
    "coc-dlang": {
      "flake": false,
      "locked": {
        "lastModified": 1658004366,
        "narHash": "sha256-uZv61FL32nRnqKV5SgM27ylbQntykFkWT+g6z6DsI7Q=",
        "owner": "vushu",
        "repo": "coc-dlang",
        "rev": "7ed173a1fd6950c9f0e4298c3cf62216a384ee03",
        "type": "github"
      },
      "original": {
        "owner": "vushu",
        "repo": "coc-dlang",
        "type": "github"
      }
    },
    "fenix": {
      "inputs": {
        "nixpkgs": [
          "nixpkgs"
        ],
        "rust-analyzer-src": "rust-analyzer-src"
      },
      "locked": {
        "lastModified": 1659767175,
        "narHash": "sha256-xNWIjrdpqTDhGpgiC/CO9WXRatSDTG1j+NGuLn2Uq+U=",
        "owner": "nix-community",
        "repo": "fenix",
        "rev": "5878e50188643a549a9f451d8724ae6d16147a74",
        "type": "github"
      },
      "original": {
        "owner": "nix-community",
        "repo": "fenix",
        "type": "github"
      }
    },
    "flake-utils": {
      "locked": {
        "lastModified": 1656928814,
        "narHash": "sha256-RIFfgBuKz6Hp89yRr7+NR5tzIAbn52h8vT6vXkYjZoM=",
        "owner": "numtide",
        "repo": "flake-utils",
        "rev": "7e2a3b3dfd9af950a856d66b0a7d01e3c18aa249",
        "type": "github"
      },
      "original": {
        "owner": "numtide",
        "repo": "flake-utils",
        "type": "github"
      }
    },
    "home-manager": {
      "inputs": {
        "nixpkgs": [
          "nixpkgs"
        ],
        "utils": "utils"
      },
      "locked": {
        "lastModified": 1659484873,
        "narHash": "sha256-6VoPiGyDdjBHOJ3IpS24lY1lrDiOHeuEefOFI0qz3WE=",
        "owner": "nix-community",
        "repo": "home-manager",
        "rev": "d8d9ff0b2df77defa10375c6665b51f0251c34d6",
        "type": "github"
      },
      "original": {
        "owner": "nix-community",
        "repo": "home-manager",
        "type": "github"
      }
    },
    "nixpkgs": {
      "locked": {
        "lastModified": 1659753918,
        "narHash": "sha256-EsAYsT9BmKA4DBsFYANyWSRe6DGJg9rr6/5fgXrq9Dc=",
        "owner": "NixOS",
        "repo": "nixpkgs",
        "rev": "998bc5d86c7263a8de4208af97fe6d8f25c91956",
        "type": "github"
      },
      "original": {
        "owner": "NixOS",
        "ref": "nixpkgs-unstable",
        "repo": "nixpkgs",
        "type": "github"
      }
    },
    "root": {
      "inputs": {
        "coc-dlang": "coc-dlang",
        "fenix": "fenix",
        "flake-utils": "flake-utils",
        "home-manager": "home-manager",
        "nixpkgs": "nixpkgs",
        "vim-night-owl": "vim-night-owl"
      }
    },
    "rust-analyzer-src": {
      "flake": false,
      "locked": {
        "lastModified": 1659705224,
        "narHash": "sha256-We0FUZQIag2UbdqKJuc1aNj46d0KLJ3tepa3N2QEMko=",
        "owner": "rust-lang",
        "repo": "rust-analyzer",
        "rev": "3792720086faccb3ee085558ad082c979785f437",
        "type": "github"
      },
      "original": {
        "owner": "rust-lang",
        "ref": "nightly",
        "repo": "rust-analyzer",
        "type": "github"
      }
    },
    "utils": {
      "locked": {
        "lastModified": 1653893745,
        "narHash": "sha256-0jntwV3Z8//YwuOjzhV2sgJJPt+HY6KhU7VZUL0fKZQ=",
        "owner": "numtide",
        "repo": "flake-utils",
        "rev": "1ed9fb1935d260de5fe1c2f7ee0ebaae17ed2fa1",
        "type": "github"
      },
      "original": {
        "owner": "numtide",
        "repo": "flake-utils",
        "type": "github"
      }
    },
    "vim-night-owl": {
      "flake": false,
      "locked": {
        "lastModified": 1608869991,
        "narHash": "sha256-dI/Ag3FXiSy2ec7wC9wNJ15uAiYZEtu6gyyqU6BT98k=",
        "owner": "haishanh",
        "repo": "night-owl.vim",
        "rev": "783a41a27f7fe55ed91d1ec0f0351d06ae17fbc7",
        "type": "github"
      },
      "original": {
        "owner": "haishanh",
        "repo": "night-owl.vim",
        "type": "github"
      }
    }
  },
  "root": "root",
  "version": 7
}
